
Microsoft Visual Studio Solution File, Format Version 12.00
# Visual Studio Version 17
VisualStudioVersion = 17.14.36401.2 d17.14
MinimumVisualStudioVersion = 10.0.40219.1
Project("{FAE04EC0-301F-11D3-BF4B-00C04F79EFBC}") = "WebApplication2", "WebApplication2.csproj", "{B34E6E7D-D822-4253-9B67-4A8AE49554C7}"
EndProject
Global
	GlobalSection(SolutionConfigurationPlatforms) = preSolution
		Debug|Any CPU = Debug|Any CPU
		Release|Any CPU = Release|Any CPU
	EndGlobalSection
	GlobalSection(ProjectConfigurationPlatforms) = postSolution
		{B34E6E7D-D822-4253-9B67-4A8AE49554C7}.Debug|Any CPU.ActiveCfg = Debug|Any CPU
		{B34E6E7D-D822-4253-9B67-4A8AE49554C7}.Debug|Any CPU.Build.0 = Debug|Any CPU
		{B34E6E7D-D822-4253-9B67-4A8AE49554C7}.Release|Any CPU.ActiveCfg = Release|Any CPU
		{B34E6E7D-D822-4253-9B67-4A8AE49554C7}.Release|Any CPU.Build.0 = Release|Any CPU
	EndGlobalSection
	GlobalSection(SolutionProperties) = preSolution
		HideSolutionNode = FALSE
	EndGlobalSection
	GlobalSection(ExtensibilityGlobals) = postSolution
		SolutionGuid = {792E458C-3C5F-4AAC-9901-5C5A0EF3E151}
	EndGlobalSection
EndGlobal
